{
  "version": "4",
  "specifiers": {
    "jsr:@cliffy/command@1.0.0-rc.7": "1.0.0-rc.7",
    "jsr:@cliffy/flags@1.0.0-rc.7": "1.0.0-rc.7",
    "jsr:@cliffy/internal@1.0.0-rc.7": "1.0.0-rc.7",
    "jsr:@cliffy/table@1.0.0-rc.7": "1.0.0-rc.7",
    "jsr:@lpm/cli@*": "0.1.5",
    "jsr:@std/assert@*": "1.0.11",
    "jsr:@std/fmt@*": "1.0.5",
    "jsr:@std/fmt@^1.0.5": "1.0.5",
    "jsr:@std/fmt@~1.0.2": "1.0.5",
    "jsr:@std/fs@^1.0.13": "1.0.13",
    "jsr:@std/internal@^1.0.5": "1.0.5",
    "jsr:@std/path@^1.0.8": "1.0.8",
    "jsr:@std/text@~1.0.7": "1.0.10",
    "npm:@atproto/api@~0.14.6": "0.14.7",
    "npm:@atproto/identity@~0.4.6": "0.4.6",
    "npm:@atproto/lexicon@~0.4.7": "0.4.7",
    "npm:@atproto/syntax@~0.3.3": "0.3.3",
    "npm:@needle-di/core@~0.11.2": "0.11.2"
  },
  "jsr": {
    "@cliffy/command@1.0.0-rc.7": {
      "integrity": "1288808d7a3cd18b86c24c2f920e47a6d954b7e23cadc35c8cbd78f8be41f0cd",
      "dependencies": [
        "jsr:@cliffy/flags",
        "jsr:@cliffy/internal",
        "jsr:@cliffy/table",
        "jsr:@std/fmt@~1.0.2",
        "jsr:@std/text"
      ]
    },
    "@cliffy/flags@1.0.0-rc.7": {
      "integrity": "318d9be98f6a6417b108e03dec427dea96cdd41a15beb21d2554ae6da450a781",
      "dependencies": [
        "jsr:@std/text"
      ]
    },
    "@cliffy/internal@1.0.0-rc.7": {
      "integrity": "10412636ab3e67517d448be9eaab1b70c88eba9be22617b5d146257a11cc9b17"
    },
    "@cliffy/table@1.0.0-rc.7": {
      "integrity": "9fdd9776eda28a0b397981c400eeb1aa36da2371b43eefe12e6ff555290e3180",
      "dependencies": [
        "jsr:@std/fmt@~1.0.2"
      ]
    },
    "@lpm/cli@0.1.5": {
      "integrity": "97c7745eb6e34c274ad6ec0d8d62381edb2636f7b5590ae7efb04494b6921b5e",
      "dependencies": [
        "jsr:@cliffy/command",
        "jsr:@std/fs",
        "npm:@atproto/syntax",
        "npm:@needle-di/core"
      ]
    },
    "@std/assert@1.0.11": {
      "integrity": "2461ef3c368fe88bc60e186e7744a93112f16fd110022e113a0849e94d1c83c1",
      "dependencies": [
        "jsr:@std/internal"
      ]
    },
    "@std/fmt@1.0.5": {
      "integrity": "0cfab43364bc36650d83c425cd6d99910fc20c4576631149f0f987eddede1a4d"
    },
    "@std/fs@1.0.13": {
      "integrity": "756d3ff0ade91c9e72b228e8012b6ff00c3d4a4ac9c642c4dac083536bf6c605",
      "dependencies": [
        "jsr:@std/path"
      ]
    },
    "@std/internal@1.0.5": {
      "integrity": "54a546004f769c1ac9e025abd15a76b6671ddc9687e2313b67376125650dc7ba"
    },
    "@std/path@1.0.8": {
      "integrity": "548fa456bb6a04d3c1a1e7477986b6cffbce95102d0bb447c67c4ee70e0364be"
    },
    "@std/text@1.0.10": {
      "integrity": "9dcab377450253c0efa9a9a0c731040bfd4e1c03f8303b5934381467b7954338"
    }
  },
  "npm": {
    "@atproto/api@0.14.7": {
      "integrity": "sha512-YG2kvAtsgtajLlLrorYuHcxGgepG0c/RUB2/iJyBnwKjGqDLG8joOETf38JSNiGzs6NJbNKa9NHG6BQKourxBA==",
      "dependencies": [
        "@atproto/common-web",
        "@atproto/lexicon",
        "@atproto/syntax",
        "@atproto/xrpc",
        "await-lock",
        "multiformats",
        "tlds",
        "zod"
      ]
    },
    "@atproto/common-web@0.4.0": {
      "integrity": "sha512-ZYL0P9myHybNgwh/hBY0HaBzqiLR1B5/ie5bJpLQAg0whRzNA28t8/nU2vh99tbsWcAF0LOD29M8++LyENJLNQ==",
      "dependencies": [
        "graphemer",
        "multiformats",
        "uint8arrays",
        "zod"
      ]
    },
    "@atproto/crypto@0.4.4": {
      "integrity": "sha512-Yq9+crJ7WQl7sxStVpHgie5Z51R05etaK9DLWYG/7bR5T4bhdcIgF6IfklLShtZwLYdVVj+K15s0BqW9a8PSDA==",
      "dependencies": [
        "@noble/curves",
        "@noble/hashes",
        "uint8arrays"
      ]
    },
    "@atproto/identity@0.4.6": {
      "integrity": "sha512-fJq/cIp9MOgHxZfxuyki6mobk0QxRnbts53DstRixlvb5mOoxwttb9Gp6A8u9q49zBsfOmXNTHmP97I9iMHmTQ==",
      "dependencies": [
        "@atproto/common-web",
        "@atproto/crypto"
      ]
    },
    "@atproto/lexicon@0.4.7": {
      "integrity": "sha512-/x6h3tAiDNzSi4eXtC8ke65B7UzsagtlGRHmUD95698x5lBRpDnpizj0fZWTZVYed5qnOmz/ZEue+v3wDmO61g==",
      "dependencies": [
        "@atproto/common-web",
        "@atproto/syntax",
        "iso-datestring-validator",
        "multiformats",
        "zod"
      ]
    },
    "@atproto/syntax@0.3.3": {
      "integrity": "sha512-F1LZweesNYdBbZBXVa72N/cSvchG8Q1tG4/209ZXbIuM3FwQtkgn+zgmmV4P4ORmhOeXPBNXvMBpcqiwx/gEQQ=="
    },
    "@atproto/xrpc@0.6.9": {
      "integrity": "sha512-vQGA7++DYMNaHx3C7vEjT+2X6hYYLG7JNbBnDLWu0km1/1KYXgRkAz4h+FfYqg1mvzvIorHU7DAs5wevkJDDlw==",
      "dependencies": [
        "@atproto/lexicon",
        "zod"
      ]
    },
    "@needle-di/core@0.11.2": {
      "integrity": "sha512-QwvlSTfpobIGGEmO/iMjMcL9lPf53cSV8mQVTzMGO4IkcyOQEK3nn7d6fkUOaaefwyiO4HGLEMl5VDaslnUuUg=="
    },
    "@noble/curves@1.8.1": {
      "integrity": "sha512-warwspo+UYUPep0Q+vtdVB4Ugn8GGQj8iyB3gnRWsztmUHTI3S1nhdiWNsPUGL0vud7JlRRk1XEu7Lq1KGTnMQ==",
      "dependencies": [
        "@noble/hashes"
      ]
    },
    "@noble/hashes@1.7.1": {
      "integrity": "sha512-B8XBPsn4vT/KJAGqDzbwztd+6Yte3P4V7iafm24bxgDe/mlRuK6xmWPuCNrKt2vDafZ8MfJLlchDG/vYafQEjQ=="
    },
    "await-lock@2.2.2": {
      "integrity": "sha512-aDczADvlvTGajTDjcjpJMqRkOF6Qdz3YbPZm/PyW6tKPkx2hlYBzxMhEywM/tU72HrVZjgl5VCdRuMlA7pZ8Gw=="
    },
    "graphemer@1.4.0": {
      "integrity": "sha512-EtKwoO6kxCL9WO5xipiHTZlSzBm7WLT627TqC/uVRd0HKmq8NXyebnNYxDoBi7wt8eTWrUrKXCOVaFq9x1kgag=="
    },
    "iso-datestring-validator@2.2.2": {
      "integrity": "sha512-yLEMkBbLZTlVQqOnQ4FiMujR6T4DEcCb1xizmvXS+OxuhwcbtynoosRzdMA69zZCShCNAbi+gJ71FxZBBXx1SA=="
    },
    "multiformats@9.9.0": {
      "integrity": "sha512-HoMUjhH9T8DDBNT+6xzkrd9ga/XiBI4xLr58LJACwK6G3HTOPeMz4nB4KJs33L2BelrIJa7P0VuNaVF3hMYfjg=="
    },
    "tlds@1.255.0": {
      "integrity": "sha512-tcwMRIioTcF/FcxLev8MJWxCp+GUALRhFEqbDoZrnowmKSGqPrl5pqS+Sut2m8BgJ6S4FExCSSpGffZ0Tks6Aw=="
    },
    "uint8arrays@3.0.0": {
      "integrity": "sha512-HRCx0q6O9Bfbp+HHSfQQKD7wU70+lydKVt4EghkdOvlK/NlrF90z+eXV34mUd48rNvVJXwkrMSPpCATkct8fJA==",
      "dependencies": [
        "multiformats"
      ]
    },
    "zod@3.24.2": {
      "integrity": "sha512-lY7CDW43ECgW9u1TcT3IoXHflywfVqDYze4waEz812jR/bZ8FHDsl7pFQoSZTz5N+2NqRXs8GBwnAwo3ZNxqhQ=="
    }
  },
  "workspace": {
    "members": {
      "packages/cli": {
        "dependencies": [
          "jsr:@cliffy/command@1.0.0-rc.7",
          "jsr:@std/fmt@^1.0.5",
          "jsr:@std/fs@^1.0.13",
          "npm:@atproto/syntax@~0.3.3",
          "npm:@needle-di/core@~0.11.2"
        ]
      },
      "packages/core": {
        "dependencies": [
          "npm:@atproto/api@~0.14.6",
          "npm:@atproto/identity@~0.4.6",
          "npm:@atproto/lexicon@~0.4.7",
          "npm:@atproto/syntax@~0.3.3",
          "npm:@needle-di/core@~0.11.2"
        ]
      }
    }
  }
}
